
Microsoft Visual Studio Solution File, Format Version 12.00
# Visual Studio Version 16
VisualStudioVersion = 16.0.30907.101
MinimumVisualStudioVersion = 10.0.40219.1
Project("{FAE04EC0-301F-11D3-BF4B-00C04F79EFBC}") = "Concierge.API", "Concierge\Concierge.API.csproj", "{44C34F49-08A8-4A7A-B949-C992997C19A6}"
EndProject
Project("{FAE04EC0-301F-11D3-BF4B-00C04F79EFBC}") = "Concierge.DAL", "Concierge.DAL\Concierge.DAL.csproj", "{AE8EFC23-C36B-4AE2-BA54-D86B7E103EA8}"
EndProject
Global
	GlobalSection(SolutionConfigurationPlatforms) = preSolution
		Debug|Any CPU = Debug|Any CPU
		Release|Any CPU = Release|Any CPU
	EndGlobalSection
	GlobalSection(ProjectConfigurationPlatforms) = postSolution
		{44C34F49-08A8-4A7A-B949-C992997C19A6}.Debug|Any CPU.ActiveCfg = Debug|Any CPU
		{44C34F49-08A8-4A7A-B949-C992997C19A6}.Debug|Any CPU.Build.0 = Debug|Any CPU
		{44C34F49-08A8-4A7A-B949-C992997C19A6}.Release|Any CPU.ActiveCfg = Release|Any CPU
		{44C34F49-08A8-4A7A-B949-C992997C19A6}.Release|Any CPU.Build.0 = Release|Any CPU
		{AE8EFC23-C36B-4AE2-BA54-D86B7E103EA8}.Debug|Any CPU.ActiveCfg = Debug|Any CPU
		{AE8EFC23-C36B-4AE2-BA54-D86B7E103EA8}.Debug|Any CPU.Build.0 = Debug|Any CPU
		{AE8EFC23-C36B-4AE2-BA54-D86B7E103EA8}.Release|Any CPU.ActiveCfg = Release|Any CPU
		{AE8EFC23-C36B-4AE2-BA54-D86B7E103EA8}.Release|Any CPU.Build.0 = Release|Any CPU
	EndGlobalSection
	GlobalSection(SolutionProperties) = preSolution
		HideSolutionNode = FALSE
	EndGlobalSection
	GlobalSection(ExtensibilityGlobals) = postSolution
		SolutionGuid = {4307FE70-145D-47ED-BC67-15E6ECC98BBB}
	EndGlobalSection
EndGlobal
